
Microsoft Visual Studio Solution File, Format Version 12.00
# Visual Studio Version 16
VisualStudioVersion = 16.0.29905.134
MinimumVisualStudioVersion = 10.0.40219.1
Project("{9A19103F-16F7-4668-BE54-9A1E7A4F7556}") = "PublishSubscribe.Web", "PublishSubscribe.Web\PublishSubscribe.Web.csproj", "{402F93D2-DFE5-4708-A230-B0375FF614F0}"
EndProject
Project("{FAE04EC0-301F-11D3-BF4B-00C04F79EFBC}") = "PublishSubscribe.Core", "PublishSubscribe.Core\PublishSubscribe.Core.csproj", "{734CC91F-80C9-4781-A12D-57BC8B315F8F}"
EndProject
Project("{FAE04EC0-301F-11D3-BF4B-00C04F79EFBC}") = "PublishSubscribe.Messages", "PublishSubscribe.Messages\PublishSubscribe.Messages.csproj", "{956A106F-363B-425F-BEC0-ED23C1D09F83}"
EndProject
Project("{FAE04EC0-301F-11D3-BF4B-00C04F79EFBC}") = "PublishSubscribe.InMemoryPublisher", "PublishSubscribe.InMemoryPublisher\PublishSubscribe.InMemoryPublisher.csproj", "{84D3824C-9FCA-4592-B099-A79CDCEE49F0}"
EndProject
Global
	GlobalSection(SolutionConfigurationPlatforms) = preSolution
		Debug|Any CPU = Debug|Any CPU
		Release|Any CPU = Release|Any CPU
	EndGlobalSection
	GlobalSection(ProjectConfigurationPlatforms) = postSolution
		{402F93D2-DFE5-4708-A230-B0375FF614F0}.Debug|Any CPU.ActiveCfg = Debug|Any CPU
		{402F93D2-DFE5-4708-A230-B0375FF614F0}.Debug|Any CPU.Build.0 = Debug|Any CPU
		{402F93D2-DFE5-4708-A230-B0375FF614F0}.Release|Any CPU.ActiveCfg = Release|Any CPU
		{402F93D2-DFE5-4708-A230-B0375FF614F0}.Release|Any CPU.Build.0 = Release|Any CPU
		{734CC91F-80C9-4781-A12D-57BC8B315F8F}.Debug|Any CPU.ActiveCfg = Debug|Any CPU
		{734CC91F-80C9-4781-A12D-57BC8B315F8F}.Debug|Any CPU.Build.0 = Debug|Any CPU
		{734CC91F-80C9-4781-A12D-57BC8B315F8F}.Release|Any CPU.ActiveCfg = Release|Any CPU
		{734CC91F-80C9-4781-A12D-57BC8B315F8F}.Release|Any CPU.Build.0 = Release|Any CPU
		{956A106F-363B-425F-BEC0-ED23C1D09F83}.Debug|Any CPU.ActiveCfg = Debug|Any CPU
		{956A106F-363B-425F-BEC0-ED23C1D09F83}.Debug|Any CPU.Build.0 = Debug|Any CPU
		{956A106F-363B-425F-BEC0-ED23C1D09F83}.Release|Any CPU.ActiveCfg = Release|Any CPU
		{956A106F-363B-425F-BEC0-ED23C1D09F83}.Release|Any CPU.Build.0 = Release|Any CPU
		{84D3824C-9FCA-4592-B099-A79CDCEE49F0}.Debug|Any CPU.ActiveCfg = Debug|Any CPU
		{84D3824C-9FCA-4592-B099-A79CDCEE49F0}.Debug|Any CPU.Build.0 = Debug|Any CPU
		{84D3824C-9FCA-4592-B099-A79CDCEE49F0}.Release|Any CPU.ActiveCfg = Release|Any CPU
		{84D3824C-9FCA-4592-B099-A79CDCEE49F0}.Release|Any CPU.Build.0 = Release|Any CPU
	EndGlobalSection
	GlobalSection(SolutionProperties) = preSolution
		HideSolutionNode = FALSE
	EndGlobalSection
	GlobalSection(ExtensibilityGlobals) = postSolution
		SolutionGuid = {178A164F-A544-4101-89D0-1B55A54B1810}
	EndGlobalSection
EndGlobal
